// !$*UTF8*$!
{
	archiveVersion = 1;
	classes = {
	};
	objectVersion = 46;
	objects = {

/* Begin PBXBuildFile section */
		EED8282C1D95D1A000840382 /* AppDelegate.swift in Sources */ = {isa = PBXBuildFile; fileRef = EED8282B1D95D1A000840382 /* AppDelegate.swift */; };
		EED8282E1D95D1A000840382 /* ViewController.swift in Sources */ = {isa = PBXBuildFile; fileRef = EED8282D1D95D1A000840382 /* ViewController.swift */; };
		EED828311D95D1A000840382 /* Main.storyboard in Resources */ = {isa = PBXBuildFile; fileRef = EED8282F1D95D1A000840382 /* Main.storyboard */; };
		EED828331D95D1A000840382 /* Assets.xcassets in Resources */ = {isa = PBXBuildFile; fileRef = EED828321D95D1A000840382 /* Assets.xcassets */; };
		EED828361D95D1A000840382 /* LaunchScreen.storyboard in Resources */ = {isa = PBXBuildFile; fileRef = EED828341D95D1A000840382 /* LaunchScreen.storyboard */; };
		EED828411D95D1A000840382 /* OpenWeatherTestingTests.swift in Sources */ = {isa = PBXBuildFile; fileRef = EED828401D95D1A000840382 /* OpenWeatherTestingTests.swift */; };
		EED8284C1D96292400840382 /* WeatherClient.swift in Sources */ = {isa = PBXBuildFile; fileRef = EED8284B1D96292400840382 /* WeatherClient.swift */; };
		EED8284E1D96FE9E00840382 /* Weather.swift in Sources */ = {isa = PBXBuildFile; fileRef = EED8284D1D96FE9E00840382 /* Weather.swift */; };
/* End PBXBuildFile section */

/* Begin PBXContainerItemProxy section */
		EED8283D1D95D1A000840382 /* PBXContainerItemProxy */ = {
			isa = PBXContainerItemProxy;
			containerPortal = EED828201D95D1A000840382 /* Project object */;
			proxyType = 1;
			remoteGlobalIDString = EED828271D95D1A000840382;
			remoteInfo = OpenWeatherTesting;
		};
/* End PBXContainerItemProxy section */

/* Begin PBXFileReference section */
		EED828281D95D1A000840382 /* OpenWeatherTesting.app */ = {isa = PBXFileReference; explicitFileType = wrapper.application; includeInIndex = 0; path = OpenWeatherTesting.app; sourceTree = BUILT_PRODUCTS_DIR; };
		EED8282B1D95D1A000840382 /* AppDelegate.swift */ = {isa = PBXFileReference; lastKnownFileType = sourcecode.swift; path = AppDelegate.swift; sourceTree = "<group>"; };
		EED8282D1D95D1A000840382 /* ViewController.swift */ = {isa = PBXFileReference; lastKnownFileType = sourcecode.swift; path = ViewController.swift; sourceTree = "<group>"; };
		EED828301D95D1A000840382 /* Base */ = {isa = PBXFileReference; lastKnownFileType = file.storyboard; name = Base; path = Base.lproj/Main.storyboard; sourceTree = "<group>"; };
		EED828321D95D1A000840382 /* Assets.xcassets */ = {isa = PBXFileReference; lastKnownFileType = folder.assetcatalog; path = Assets.xcassets; sourceTree = "<group>"; };
		EED828351D95D1A000840382 /* Base */ = {isa = PBXFileReference; lastKnownFileType = file.storyboard; name = Base; path = Base.lproj/LaunchScreen.storyboard; sourceTree = "<group>"; };
		EED828371D95D1A000840382 /* Info.plist */ = {isa = PBXFileReference; lastKnownFileType = text.plist.xml; path = Info.plist; sourceTree = "<group>"; };
		EED8283C1D95D1A000840382 /* OpenWeatherTestingTests.xctest */ = {isa = PBXFileReference; explicitFileType = wrapper.cfbundle; includeInIndex = 0; path = OpenWeatherTestingTests.xctest; sourceTree = BUILT_PRODUCTS_DIR; };
		EED828401D95D1A000840382 /* OpenWeatherTestingTests.swift */ = {isa = PBXFileReference; lastKnownFileType = sourcecode.swift; path = OpenWeatherTestingTests.swift; sourceTree = "<group>"; };
		EED828421D95D1A000840382 /* Info.plist */ = {isa = PBXFileReference; lastKnownFileType = text.plist.xml; path = Info.plist; sourceTree = "<group>"; };
		EED8284B1D96292400840382 /* WeatherClient.swift */ = {isa = PBXFileReference; fileEncoding = 4; lastKnownFileType = sourcecode.swift; name = WeatherClient.swift; path = ../WeatherClient.swift; sourceTree = "<group>"; };
		EED8284D1D96FE9E00840382 /* Weather.swift */ = {isa = PBXFileReference; fileEncoding = 4; lastKnownFileType = sourcecode.swift; path = Weather.swift; sourceTree = "<group>"; };
/* End PBXFileReference section */

/* Begin PBXFrameworksBuildPhase section */
		EED828251D95D1A000840382 /* Frameworks */ = {
			isa = PBXFrameworksBuildPhase;
			buildActionMask = 2147483647;
			files = (
			);
			runOnlyForDeploymentPostprocessing = 0;
		};
		EED828391D95D1A000840382 /* Frameworks */ = {
			isa = PBXFrameworksBuildPhase;
			buildActionMask = 2147483647;
			files = (
			);
			runOnlyForDeploymentPostprocessing = 0;
		};
/* End PBXFrameworksBuildPhase section */

/* Begin PBXGroup section */
		EED8281F1D95D1A000840382 = {
			isa = PBXGroup;
			children = (
				EED8282A1D95D1A000840382 /* OpenWeatherTesting */,
				EED8283F1D95D1A000840382 /* OpenWeatherTestingTests */,
				EED828291D95D1A000840382 /* Products */,
			);
			sourceTree = "<group>";
		};
		EED828291D95D1A000840382 /* Products */ = {
			isa = PBXGroup;
			children = (
				EED828281D95D1A000840382 /* OpenWeatherTesting.app */,
				EED8283C1D95D1A000840382 /* OpenWeatherTestingTests.xctest */,
			);
			name = Products;
			sourceTree = "<group>";
		};
		EED8282A1D95D1A000840382 /* OpenWeatherTesting */ = {
			isa = PBXGroup;
			children = (
				EED8282B1D95D1A000840382 /* AppDelegate.swift */,
				EED8282D1D95D1A000840382 /* ViewController.swift */,
				EED8282F1D95D1A000840382 /* Main.storyboard */,
				EED828321D95D1A000840382 /* Assets.xcassets */,
				EED828341D95D1A000840382 /* LaunchScreen.storyboard */,
				EED828371D95D1A000840382 /* Info.plist */,
				EED8284B1D96292400840382 /* WeatherClient.swift */,
				EED8284D1D96FE9E00840382 /* Weather.swift */,
			);
			path = OpenWeatherTesting;
			sourceTree = "<group>";
		};
		EED8283F1D95D1A000840382 /* OpenWeatherTestingTests */ = {
			isa = PBXGroup;
			children = (
				EED828401D95D1A000840382 /* OpenWeatherTestingTests.swift */,
				EED828421D95D1A000840382 /* Info.plist */,
			);
			path = OpenWeatherTestingTests;
			sourceTree = "<group>";
		};
/* End PBXGroup section */

/* Begin PBXNativeTarget section */
		EED828271D95D1A000840382 /* OpenWeatherTesting */ = {
			isa = PBXNativeTarget;
			buildConfigurationList = EED828451D95D1A000840382 /* Build configuration list for PBXNativeTarget "OpenWeatherTesting" */;
			buildPhases = (
				EED828241D95D1A000840382 /* Sources */,
				EED828251D95D1A000840382 /* Frameworks */,
				EED828261D95D1A000840382 /* Resources */,
			);
			buildRules = (
			);
			dependencies = (
			);
			name = OpenWeatherTesting;
			productName = OpenWeatherTesting;
			productReference = EED828281D95D1A000840382 /* OpenWeatherTesting.app */;
			productType = "com.apple.product-type.application";
		};
		EED8283B1D95D1A000840382 /* OpenWeatherTestingTests */ = {
			isa = PBXNativeTarget;
			buildConfigurationList = EED828481D95D1A000840382 /* Build configuration list for PBXNativeTarget "OpenWeatherTestingTests" */;
			buildPhases = (
				EED828381D95D1A000840382 /* Sources */,
				EED828391D95D1A000840382 /* Frameworks */,
				EED8283A1D95D1A000840382 /* Resources */,
			);
			buildRules = (
			);
			dependencies = (
				EED8283E1D95D1A000840382 /* PBXTargetDependency */,
			);
			name = OpenWeatherTestingTests;
			productName = OpenWeatherTestingTests;
			productReference = EED8283C1D95D1A000840382 /* OpenWeatherTestingTests.xctest */;
			productType = "com.apple.product-type.bundle.unit-test";
		};
/* End PBXNativeTarget section */

/* Begin PBXProject section */
		EED828201D95D1A000840382 /* Project object */ = {
			isa = PBXProject;
			attributes = {
				LastSwiftUpdateCheck = 0730;
				LastUpgradeCheck = 0730;
				ORGANIZATIONNAME = "hannah gaskins";
				TargetAttributes = {
					EED828271D95D1A000840382 = {
						CreatedOnToolsVersion = 7.3.1;
					};
					EED8283B1D95D1A000840382 = {
						CreatedOnToolsVersion = 7.3.1;
						TestTargetID = EED828271D95D1A000840382;
					};
				};
			};
			buildConfigurationList = EED828231D95D1A000840382 /* Build configuration list for PBXProject "OpenWeatherTesting" */;
			compatibilityVersion = "Xcode 3.2";
			developmentRegion = English;
			hasScannedForEncodings = 0;
			knownRegions = (
				en,
				Base,
			);
			mainGroup = EED8281F1D95D1A000840382;
			productRefGroup = EED828291D95D1A000840382 /* Products */;
			projectDirPath = "";
			projectRoot = "";
			targets = (
				EED828271D95D1A000840382 /* OpenWeatherTesting */,
				EED8283B1D95D1A000840382 /* OpenWeatherTestingTests */,
			);
		};
/* End PBXProject section */

/* Begin PBXResourcesBuildPhase section */
		EED828261D95D1A000840382 /* Resources */ = {
			isa = PBXResourcesBuildPhase;
			buildActionMask = 2147483647;
			files = (
				EED828361D95D1A000840382 /* LaunchScreen.storyboard in Resources */,
				EED828331D95D1A000840382 /* Assets.xcassets in Resources */,
				EED828311D95D1A000840382 /* Main.storyboard in Resources */,
			);
			runOnlyForDeploymentPostprocessing = 0;
		};
		EED8283A1D95D1A000840382 /* Resources */ = {
			isa = PBXResourcesBuildPhase;
			buildActionMask = 2147483647;
			files = (
			);
			runOnlyForDeploymentPostprocessing = 0;
		};
/* End PBXResourcesBuildPhase section */

/* Begin PBXSourcesBuildPhase section */
		EED828241D95D1A000840382 /* Sources */ = {
			isa = PBXSourcesBuildPhase;
			buildActionMask = 2147483647;
			files = (
				EED8284E1D96FE9E00840382 /* Weather.swift in Sources */,
				EED8282E1D95D1A000840382 /* ViewController.swift in Sources */,
				EED8282C1D95D1A000840382 /* AppDelegate.swift in Sources */,
				EED8284C1D96292400840382 /* WeatherClient.swift in Sources */,
			);
			runOnlyForDeploymentPostprocessing = 0;
		};
		EED828381D95D1A000840382 /* Sources */ = {
			isa = PBXSourcesBuildPhase;
			buildActionMask = 2147483647;
			files = (
				EED828411D95D1A000840382 /* OpenWeatherTestingTests.swift in Sources */,
			);
			runOnlyForDeploymentPostprocessing = 0;
		};
/* End PBXSourcesBuildPhase section */

/* Begin PBXTargetDependency section */
		EED8283E1D95D1A000840382 /* PBXTargetDependency */ = {
			isa = PBXTargetDependency;
			target = EED828271D95D1A000840382 /* OpenWeatherTesting */;
			targetProxy = EED8283D1D95D1A000840382 /* PBXContainerItemProxy */;
		};
/* End PBXTargetDependency section */

/* Begin PBXVariantGroup section */
		EED8282F1D95D1A000840382 /* Main.storyboard */ = {
			isa = PBXVariantGroup;
			children = (
				EED828301D95D1A000840382 /* Base */,
			);
			name = Main.storyboard;
			sourceTree = "<group>";
		};
		EED828341D95D1A000840382 /* LaunchScreen.storyboard */ = {
			isa = PBXVariantGroup;
			children = (
				EED828351D95D1A000840382 /* Base */,
			);
			name = LaunchScreen.storyboard;
			sourceTree = "<group>";
		};
/* End PBXVariantGroup section */

/* Begin XCBuildConfiguration section */
		EED828431D95D1A000840382 /* Debug */ = {
			isa = XCBuildConfiguration;
			buildSettings = {
				ALWAYS_SEARCH_USER_PATHS = NO;
				CLANG_ANALYZER_NONNULL = YES;
				CLANG_CXX_LANGUAGE_STANDARD = "gnu++0x";
				CLANG_CXX_LIBRARY = "libc++";
				CLANG_ENABLE_MODULES = YES;
				CLANG_ENABLE_OBJC_ARC = YES;
				CLANG_WARN_BOOL_CONVERSION = YES;
				CLANG_WARN_CONSTANT_CONVERSION = YES;
				CLANG_WARN_DIRECT_OBJC_ISA_USAGE = YES_ERROR;
				CLANG_WARN_EMPTY_BODY = YES;
				CLANG_WARN_ENUM_CONVERSION = YES;
				CLANG_WARN_INT_CONVERSION = YES;
				CLANG_WARN_OBJC_ROOT_CLASS = YES_ERROR;
				CLANG_WARN_UNREACHABLE_CODE = YES;
				CLANG_WARN__DUPLICATE_METHOD_MATCH = YES;
				"CODE_SIGN_IDENTITY[sdk=iphoneos*]" = "iPhone Developer";
				COPY_PHASE_STRIP = NO;
				DEBUG_INFORMATION_FORMAT = dwarf;
				ENABLE_STRICT_OBJC_MSGSEND = YES;
				ENABLE_TESTABILITY = YES;
				GCC_C_LANGUAGE_STANDARD = gnu99;
				GCC_DYNAMIC_NO_PIC = NO;
				GCC_NO_COMMON_BLOCKS = YES;
				GCC_OPTIMIZATION_LEVEL = 0;
				GCC_PREPROCESSOR_DEFINITIONS = (
					"DEBUG=1",
					"$(inherited)",
				);
				GCC_WARN_64_TO_32_BIT_CONVERSION = YES;
				GCC_WARN_ABOUT_RETURN_TYPE = YES_ERROR;
				GCC_WARN_UNDECLARED_SELECTOR = YES;
				GCC_WARN_UNINITIALIZED_AUTOS = YES_AGGRESSIVE;
				GCC_WARN_UNUSED_FUNCTION = YES;
				GCC_WARN_UNUSED_VARIABLE = YES;
				IPHONEOS_DEPLOYMENT_TARGET = 9.3;
				MTL_ENABLE_DEBUG_INFO = YES;
				ONLY_ACTIVE_ARCH = YES;
				SDKROOT = iphoneos;
				SWIFT_OPTIMIZATION_LEVEL = "-Onone";
			};
			name = Debug;
		};
		EED828441D95D1A000840382 /* Release */ = {
			isa = XCBuildConfiguration;
			buildSettings = {
				ALWAYS_SEARCH_USER_PATHS = NO;
				CLANG_ANALYZER_NONNULL = YES;
				CLANG_CXX_LANGUAGE_STANDARD = "gnu++0x";
				CLANG_CXX_LIBRARY = "libc++";
				CLANG_ENABLE_MODULES = YES;
				CLANG_ENABLE_OBJC_ARC = YES;
				CLANG_WARN_BOOL_CONVERSION = YES;
				CLANG_WARN_CONSTANT_CONVERSION = YES;
				CLANG_WARN_DIRECT_OBJC_ISA_USAGE = YES_ERROR;
				CLANG_WARN_EMPTY_BODY = YES;
				CLANG_WARN_ENUM_CONVERSION = YES;
				CLANG_WARN_INT_CONVERSION = YES;
				CLANG_WARN_OBJC_ROOT_CLASS = YES_ERROR;
				CLANG_WARN_UNREACHABLE_CODE = YES;
				CLANG_WARN__DUPLICATE_METHOD_MATCH = YES;
				"CODE_SIGN_IDENTITY[sdk=iphoneos*]" = "iPhone Developer";
				COPY_PHASE_STRIP = NO;
				DEBUG_INFORMATION_FORMAT = "dwarf-with-dsym";
				ENABLE_NS_ASSERTIONS = NO;
				ENABLE_STRICT_OBJC_MSGSEND = YES;
				GCC_C_LANGUAGE_STANDARD = gnu99;
				GCC_NO_COMMON_BLOCKS = YES;
				GCC_WARN_64_TO_32_BIT_CONVERSION = YES;
				GCC_WARN_ABOUT_RETURN_TYPE = YES_ERROR;
				GCC_WARN_UNDECLARED_SELECTOR = YES;
				GCC_WARN_UNINITIALIZED_AUTOS = YES_AGGRESSIVE;
				GCC_WARN_UNUSED_FUNCTION = YES;
				GCC_WARN_UNUSED_VARIABLE = YES;
				IPHONEOS_DEPLOYMENT_TARGET = 9.3;
				MTL_ENABLE_DEBUG_INFO = NO;
				SDKROOT = iphoneos;
				VALIDATE_PRODUCT = YES;
			};
			name = Release;
		};
		EED828461D95D1A000840382 /* Debug */ = {
			isa = XCBuildConfiguration;
			buildSettings = {
				ASSETCATALOG_COMPILER_APPICON_NAME = AppIcon;
				INFOPLIST_FILE = OpenWeatherTesting/Info.plist;
				LD_RUNPATH_SEARCH_PATHS = "$(inherited) @executable_path/Frameworks";
				PRODUCT_BUNDLE_IDENTIFIER = com.hannahgaskins.OpenWeatherTesting;
				PRODUCT_NAME = "$(TARGET_NAME)";
			};
			name = Debug;
		};
		EED828471D95D1A000840382 /* Release */ = {
			isa = XCBuildConfiguration;
			buildSettings = {
				ASSETCATALOG_COMPILER_APPICON_NAME = AppIcon;
				INFOPLIST_FILE = OpenWeatherTesting/Info.plist;
				LD_RUNPATH_SEARCH_PATHS = "$(inherited) @executable_path/Frameworks";
				PRODUCT_BUNDLE_IDENTIFIER = com.hannahgaskins.OpenWeatherTesting;
				PRODUCT_NAME = "$(TARGET_NAME)";
			};
			name = Release;
		};
		EED828491D95D1A000840382 /* Debug */ = {
			isa = XCBuildConfiguration;
			buildSettings = {
				BUNDLE_LOADER = "$(TEST_HOST)";
				INFOPLIST_FILE = OpenWeatherTestingTests/Info.plist;
				LD_RUNPATH_SEARCH_PATHS = "$(inherited) @executable_path/Frameworks @loader_path/Frameworks";
				PRODUCT_BUNDLE_IDENTIFIER = com.hannahgaskins.OpenWeatherTestingTests;
				PRODUCT_NAME = "$(TARGET_NAME)";
				TEST_HOST = "$(BUILT_PRODUCTS_DIR)/OpenWeatherTesting.app/OpenWeatherTesting";
			};
			name = Debug;
		};
		EED8284A1D95D1A000840382 /* Release */ = {
			isa = XCBuildConfiguration;
			buildSettings = {
				BUNDLE_LOADER = "$(TEST_HOST)";
				INFOPLIST_FILE = OpenWeatherTestingTests/Info.plist;
				LD_RUNPATH_SEARCH_PATHS = "$(inherited) @executable_path/Frameworks @loader_path/Frameworks";
				PRODUCT_BUNDLE_IDENTIFIER = com.hannahgaskins.OpenWeatherTestingTests;
				PRODUCT_NAME = "$(TARGET_NAME)";
				TEST_HOST = "$(BUILT_PRODUCTS_DIR)/OpenWeatherTesting.app/OpenWeatherTesting";
			};
			name = Release;
		};
/* End XCBuildConfiguration section */

/* Begin XCConfigurationList section */
		EED828231D95D1A000840382 /* Build configuration list for PBXProject "OpenWeatherTesting" */ = {
			isa = XCConfigurationList;
			buildConfigurations = (
				EED828431D95D1A000840382 /* Debug */,
				EED828441D95D1A000840382 /* Release */,
			);
			defaultConfigurationIsVisible = 0;
			defaultConfigurationName = Release;
		};
		EED828451D95D1A000840382 /* Build configuration list for PBXNativeTarget "OpenWeatherTesting" */ = {
			isa = XCConfigurationList;
			buildConfigurations = (
				EED828461D95D1A000840382 /* Debug */,
				EED828471D95D1A000840382 /* Release */,
			);
			defaultConfigurationIsVisible = 0;
		};
		EED828481D95D1A000840382 /* Build configuration list for PBXNativeTarget "OpenWeatherTestingTests" */ = {
			isa = XCConfigurationList;
			buildConfigurations = (
				EED828491D95D1A000840382 /* Debug */,
				EED8284A1D95D1A000840382 /* Release */,
			);
			defaultConfigurationIsVisible = 0;
		};
/* End XCConfigurationList section */
	};
	rootObject = EED828201D95D1A000840382 /* Project object */;
}
